dependencies:
- name: bevel-storageclass
  repository: file://../../../shared/charts/bevel-storageclass
  version: 1.0.0
- name: fabric-catools
  repository: file://../fabric-catools
  version: 1.1.0
- name: fabric-cli
  repository: file://../fabric-cli
  version: 1.1.0
digest: sha256:699983f5cead12bb7946599fd4d95523b935a43e5e694c7fe0db6d5d8d2a796c
generated: "2025-04-15T17:03:06.018367746+06:00"
